// !$*UTF8*$!
{
	archiveVersion = 1;
	classes = {
	};
	objectVersion = 55;
	objects = {

/* Begin PBXBuildFile section */
		43A25237275E189600EC48DB /* AnimatedVerticalSliderApp.swift in Sources */ = {isa = PBXBuildFile; fileRef = 43A25236275E189600EC48DB /* AnimatedVerticalSliderApp.swift */; };
		43A25239275E189600EC48DB /* ContentView.swift in Sources */ = {isa = PBXBuildFile; fileRef = 43A25238275E189600EC48DB /* ContentView.swift */; };
		43A2523B275E189800EC48DB /* Assets.xcassets in Resources */ = {isa = PBXBuildFile; fileRef = 43A2523A275E189800EC48DB /* Assets.xcassets */; };
		43A2523E275E189800EC48DB /* Preview Assets.xcassets in Resources */ = {isa = PBXBuildFile; fileRef = 43A2523D275E189800EC48DB /* Preview Assets.xcassets */; };
		43A25246275E2F5300EC48DB /* Home.swift in Sources */ = {isa = PBXBuildFile; fileRef = 43A25245275E2F5300EC48DB /* Home.swift */; };
/* End PBXBuildFile section */

/* Begin PBXFileReference section */
		43A25233275E189600EC48DB /* AnimatedVerticalSlider.app */ = {isa = PBXFileReference; explicitFileType = wrapper.application; includeInIndex = 0; path = AnimatedVerticalSlider.app; sourceTree = BUILT_PRODUCTS_DIR; };
		43A25236275E189600EC48DB /* AnimatedVerticalSliderApp.swift */ = {isa = PBXFileReference; lastKnownFileType = sourcecode.swift; path = AnimatedVerticalSliderApp.swift; sourceTree = "<group>"; };
		43A25238275E189600EC48DB /* ContentView.swift */ = {isa = PBXFileReference; lastKnownFileType = sourcecode.swift; path = ContentView.swift; sourceTree = "<group>"; };
		43A2523A275E189800EC48DB /* Assets.xcassets */ = {isa = PBXFileReference; lastKnownFileType = folder.assetcatalog; path = Assets.xcassets; sourceTree = "<group>"; };
		43A2523D275E189800EC48DB /* Preview Assets.xcassets */ = {isa = PBXFileReference; lastKnownFileType = folder.assetcatalog; path = "Preview Assets.xcassets"; sourceTree = "<group>"; };
		43A25245275E2F5300EC48DB /* Home.swift */ = {isa = PBXFileReference; lastKnownFileType = sourcecode.swift; path = Home.swift; sourceTree = "<group>"; };
/* End PBXFileReference section */

/* Begin PBXFrameworksBuildPhase section */
		43A25230275E189600EC48DB /* Frameworks */ = {
			isa = PBXFrameworksBuildPhase;
			buildActionMask = 2147483647;
			files = (
			);
			runOnlyForDeploymentPostprocessing = 0;
		};
/* End PBXFrameworksBuildPhase section */

/* Begin PBXGroup section */
		43A2522A275E189600EC48DB = {
			isa = PBXGroup;
			children = (
				43A25235275E189600EC48DB /* AnimatedVerticalSlider */,
				43A25234275E189600EC48DB /* Products */,
			);
			sourceTree = "<group>";
		};
		43A25234275E189600EC48DB /* Products */ = {
			isa = PBXGroup;
			children = (
				43A25233275E189600EC48DB /* AnimatedVerticalSlider.app */,
			);
			name = Products;
			sourceTree = "<group>";
		};
		43A25235275E189600EC48DB /* AnimatedVerticalSlider */ = {
			isa = PBXGroup;
			children = (
				43A25244275E2F4900EC48DB /* View */,
				43A25236275E189600EC48DB /* AnimatedVerticalSliderApp.swift */,
				43A25238275E189600EC48DB /* ContentView.swift */,
				43A2523A275E189800EC48DB /* Assets.xcassets */,
				43A2523C275E189800EC48DB /* Preview Content */,
			);
			path = AnimatedVerticalSlider;
			sourceTree = "<group>";
		};
		43A2523C275E189800EC48DB /* Preview Content */ = {
			isa = PBXGroup;
			children = (
				43A2523D275E189800EC48DB /* Preview Assets.xcassets */,
			);
			path = "Preview Content";
			sourceTree = "<group>";
		};
		43A25244275E2F4900EC48DB /* View */ = {
			isa = PBXGroup;
			children = (
				43A25245275E2F5300EC48DB /* Home.swift */,
			);
			path = View;
			sourceTree = "<group>";
		};
/* End PBXGroup section */

/* Begin PBXNativeTarget section */
		43A25232275E189600EC48DB /* AnimatedVerticalSlider */ = {
			isa = PBXNativeTarget;
			buildConfigurationList = 43A25241275E189800EC48DB /* Build configuration list for PBXNativeTarget "AnimatedVerticalSlider" */;
			buildPhases = (
				43A2522F275E189600EC48DB /* Sources */,
				43A25230275E189600EC48DB /* Frameworks */,
				43A25231275E189600EC48DB /* Resources */,
			);
			buildRules = (
			);
			dependencies = (
			);
			name = AnimatedVerticalSlider;
			productName = AnimatedVerticalSlider;
			productReference = 43A25233275E189600EC48DB /* AnimatedVerticalSlider.app */;
			productType = "com.apple.product-type.application";
		};
/* End PBXNativeTarget section */

/* Begin PBXProject section */
		43A2522B275E189600EC48DB /* Project object */ = {
			isa = PBXProject;
			attributes = {
				BuildIndependentTargetsInParallel = 1;
				LastSwiftUpdateCheck = 1300;
				LastUpgradeCheck = 1300;
				TargetAttributes = {
					43A25232275E189600EC48DB = {
						CreatedOnToolsVersion = 13.0;
					};
				};
			};
			buildConfigurationList = 43A2522E275E189600EC48DB /* Build configuration list for PBXProject "AnimatedVerticalSlider" */;
			compatibilityVersion = "Xcode 13.0";
			developmentRegion = en;
			hasScannedForEncodings = 0;
			knownRegions = (
				en,
				Base,
			);
			mainGroup = 43A2522A275E189600EC48DB;
			productRefGroup = 43A25234275E189600EC48DB /* Products */;
			projectDirPath = "";
			projectRoot = "";
			targets = (
				43A25232275E189600EC48DB /* AnimatedVerticalSlider */,
			);
		};
/* End PBXProject section */

/* Begin PBXResourcesBuildPhase section */
		43A25231275E189600EC48DB /* Resources */ = {
			isa = PBXResourcesBuildPhase;
			buildActionMask = 2147483647;
			files = (
				43A2523E275E189800EC48DB /* Preview Assets.xcassets in Resources */,
				43A2523B275E189800EC48DB /* Assets.xcassets in Resources */,
			);
			runOnlyForDeploymentPostprocessing = 0;
		};
/* End PBXResourcesBuildPhase section */

/* Begin PBXSourcesBuildPhase section */
		43A2522F275E189600EC48DB /* Sources */ = {
			isa = PBXSourcesBuildPhase;
			buildActionMask = 2147483647;
			files = (
				43A25239275E189600EC48DB /* ContentView.swift in Sources */,
				43A25246275E2F5300EC48DB /* Home.swift in Sources */,
				43A25237275E189600EC48DB /* AnimatedVerticalSliderApp.swift in Sources */,
			);
			runOnlyForDeploymentPostprocessing = 0;
		};
/* End PBXSourcesBuildPhase section */

/* Begin XCBuildConfiguration section */
		43A2523F275E189800EC48DB /* Debug */ = {
			isa = XCBuildConfiguration;
			buildSettings = {
				ALWAYS_SEARCH_USER_PATHS = NO;
				CLANG_ANALYZER_NONNULL = YES;
				CLANG_ANALYZER_NUMBER_OBJECT_CONVERSION = YES_AGGRESSIVE;
				CLANG_CXX_LANGUAGE_STANDARD = "gnu++17";
				CLANG_CXX_LIBRARY = "libc++";
				CLANG_ENABLE_MODULES = YES;
				CLANG_ENABLE_OBJC_ARC = YES;
				CLANG_ENABLE_OBJC_WEAK = YES;
				CLANG_WARN_BLOCK_CAPTURE_AUTORELEASING = YES;
				CLANG_WARN_BOOL_CONVERSION = YES;
				CLANG_WARN_COMMA = YES;
				CLANG_WARN_CONSTANT_CONVERSION = YES;
				CLANG_WARN_DEPRECATED_OBJC_IMPLEMENTATIONS = YES;
				CLANG_WARN_DIRECT_OBJC_ISA_USAGE = YES_ERROR;
				CLANG_WARN_DOCUMENTATION_COMMENTS = YES;
				CLANG_WARN_EMPTY_BODY = YES;
				CLANG_WARN_ENUM_CONVERSION = YES;
				CLANG_WARN_INFINITE_RECURSION = YES;
				CLANG_WARN_INT_CONVERSION = YES;
				CLANG_WARN_NON_LITERAL_NULL_CONVERSION = YES;
				CLANG_WARN_OBJC_IMPLICIT_RETAIN_SELF = YES;
				CLANG_WARN_OBJC_LITERAL_CONVERSION = YES;
				CLANG_WARN_OBJC_ROOT_CLASS = YES_ERROR;
				CLANG_WARN_QUOTED_INCLUDE_IN_FRAMEWORK_HEADER = YES;
				CLANG_WARN_RANGE_LOOP_ANALYSIS = YES;
				CLANG_WARN_STRICT_PROTOTYPES = YES;
				CLANG_WARN_SUSPICIOUS_MOVE = YES;
				CLANG_WARN_UNGUARDED_AVAILABILITY = YES_AGGRESSIVE;
				CLANG_WARN_UNREACHABLE_CODE = YES;
				CLANG_WARN__DUPLICATE_METHOD_MATCH = YES;
				COPY_PHASE_STRIP = NO;
				DEBUG_INFORMATION_FORMAT = dwarf;
				ENABLE_STRICT_OBJC_MSGSEND = YES;
				ENABLE_TESTABILITY = YES;
				GCC_C_LANGUAGE_STANDARD = gnu11;
				GCC_DYNAMIC_NO_PIC = NO;
				GCC_NO_COMMON_BLOCKS = YES;
				GCC_OPTIMIZATION_LEVEL = 0;
				GCC_PREPROCESSOR_DEFINITIONS = (
					"DEBUG=1",
					"$(inherited)",
				);
				GCC_WARN_64_TO_32_BIT_CONVERSION = YES;
				GCC_WARN_ABOUT_RETURN_TYPE = YES_ERROR;
				GCC_WARN_UNDECLARED_SELECTOR = YES;
				GCC_WARN_UNINITIALIZED_AUTOS = YES_AGGRESSIVE;
				GCC_WARN_UNUSED_FUNCTION = YES;
				GCC_WARN_UNUSED_VARIABLE = YES;
				IPHONEOS_DEPLOYMENT_TARGET = 15.0;
				MTL_ENABLE_DEBUG_INFO = INCLUDE_SOURCE;
				MTL_FAST_MATH = YES;
				ONLY_ACTIVE_ARCH = YES;
				SDKROOT = iphoneos;
				SWIFT_ACTIVE_COMPILATION_CONDITIONS = DEBUG;
				SWIFT_OPTIMIZATION_LEVEL = "-Onone";
			};
			name = Debug;
		};
		43A25240275E189800EC48DB /* Release */ = {
			isa = XCBuildConfiguration;
			buildSettings = {
				ALWAYS_SEARCH_USER_PATHS = NO;
				CLANG_ANALYZER_NONNULL = YES;
				CLANG_ANALYZER_NUMBER_OBJECT_CONVERSION = YES_AGGRESSIVE;
				CLANG_CXX_LANGUAGE_STANDARD = "gnu++17";
				CLANG_CXX_LIBRARY = "libc++";
				CLANG_ENABLE_MODULES = YES;
				CLANG_ENABLE_OBJC_ARC = YES;
				CLANG_ENABLE_OBJC_WEAK = YES;
				CLANG_WARN_BLOCK_CAPTURE_AUTORELEASING = YES;
				CLANG_WARN_BOOL_CONVERSION = YES;
				CLANG_WARN_COMMA = YES;
				CLANG_WARN_CONSTANT_CONVERSION = YES;
				CLANG_WARN_DEPRECATED_OBJC_IMPLEMENTATIONS = YES;
				CLANG_WARN_DIRECT_OBJC_ISA_USAGE = YES_ERROR;
				CLANG_WARN_DOCUMENTATION_COMMENTS = YES;
				CLANG_WARN_EMPTY_BODY = YES;
				CLANG_WARN_ENUM_CONVERSION = YES;
				CLANG_WARN_INFINITE_RECURSION = YES;
				CLANG_WARN_INT_CONVERSION = YES;
				CLANG_WARN_NON_LITERAL_NULL_CONVERSION = YES;
				CLANG_WARN_OBJC_IMPLICIT_RETAIN_SELF = YES;
				CLANG_WARN_OBJC_LITERAL_CONVERSION = YES;
				CLANG_WARN_OBJC_ROOT_CLASS = YES_ERROR;
				CLANG_WARN_QUOTED_INCLUDE_IN_FRAMEWORK_HEADER = YES;
				CLANG_WARN_RANGE_LOOP_ANALYSIS = YES;
				CLANG_WARN_STRICT_PROTOTYPES = YES;
				CLANG_WARN_SUSPICIOUS_MOVE = YES;
				CLANG_WARN_UNGUARDED_AVAILABILITY = YES_AGGRESSIVE;
				CLANG_WARN_UNREACHABLE_CODE = YES;
				CLANG_WARN__DUPLICATE_METHOD_MATCH = YES;
				COPY_PHASE_STRIP = NO;
				DEBUG_INFORMATION_FORMAT = "dwarf-with-dsym";
				ENABLE_NS_ASSERTIONS = NO;
				ENABLE_STRICT_OBJC_MSGSEND = YES;
				GCC_C_LANGUAGE_STANDARD = gnu11;
				GCC_NO_COMMON_BLOCKS = YES;
				GCC_WARN_64_TO_32_BIT_CONVERSION = YES;
				GCC_WARN_ABOUT_RETURN_TYPE = YES_ERROR;
				GCC_WARN_UNDECLARED_SELECTOR = YES;
				GCC_WARN_UNINITIALIZED_AUTOS = YES_AGGRESSIVE;
				GCC_WARN_UNUSED_FUNCTION = YES;
				GCC_WARN_UNUSED_VARIABLE = YES;
				IPHONEOS_DEPLOYMENT_TARGET = 15.0;
				MTL_ENABLE_DEBUG_INFO = NO;
				MTL_FAST_MATH = YES;
				SDKROOT = iphoneos;
				SWIFT_COMPILATION_MODE = wholemodule;
				SWIFT_OPTIMIZATION_LEVEL = "-O";
				VALIDATE_PRODUCT = YES;
			};
			name = Release;
		};
		43A25242275E189800EC48DB /* Debug */ = {
			isa = XCBuildConfiguration;
			buildSettings = {
				ASSETCATALOG_COMPILER_APPICON_NAME = AppIcon;
				ASSETCATALOG_COMPILER_GLOBAL_ACCENT_COLOR_NAME = AccentColor;
				CODE_SIGN_STYLE = Automatic;
				CURRENT_PROJECT_VERSION = 1;
				DEVELOPMENT_ASSET_PATHS = "\"AnimatedVerticalSlider/Preview Content\"";
				DEVELOPMENT_TEAM = 8S62D745ZJ;
				ENABLE_PREVIEWS = YES;
				GENERATE_INFOPLIST_FILE = YES;
				INFOPLIST_KEY_UIApplicationSceneManifest_Generation = YES;
				INFOPLIST_KEY_UIApplicationSupportsIndirectInputEvents = YES;
				INFOPLIST_KEY_UILaunchScreen_Generation = YES;
				INFOPLIST_KEY_UISupportedInterfaceOrientations_iPad = "UIInterfaceOrientationPortrait UIInterfaceOrientationPortraitUpsideDown UIInterfaceOrientationLandscapeLeft UIInterfaceOrientationLandscapeRight";
				INFOPLIST_KEY_UISupportedInterfaceOrientations_iPhone = "UIInterfaceOrientationPortrait UIInterfaceOrientationLandscapeLeft UIInterfaceOrientationLandscapeRight";
				IPHONEOS_DEPLOYMENT_TARGET = 14.0;
				LD_RUNPATH_SEARCH_PATHS = (
					"$(inherited)",
					"@executable_path/Frameworks",
				);
				MARKETING_VERSION = 1.0;
				PRODUCT_BUNDLE_IDENTIFIER = "Muhammed-Sabri.AnimatedVerticalSlider";
				PRODUCT_NAME = "$(TARGET_NAME)";
				SWIFT_EMIT_LOC_STRINGS = YES;
				SWIFT_VERSION = 5.0;
				TARGETED_DEVICE_FAMILY = "1,2";
			};
			name = Debug;
		};
		43A25243275E189800EC48DB /* Release */ = {
			isa = XCBuildConfiguration;
			buildSettings = {
				ASSETCATALOG_COMPILER_APPICON_NAME = AppIcon;
				ASSETCATALOG_COMPILER_GLOBAL_ACCENT_COLOR_NAME = AccentColor;
				CODE_SIGN_STYLE = Automatic;
				CURRENT_PROJECT_VERSION = 1;
				DEVELOPMENT_ASSET_PATHS = "\"AnimatedVerticalSlider/Preview Content\"";
				DEVELOPMENT_TEAM = 8S62D745ZJ;
				ENABLE_PREVIEWS = YES;
				GENERATE_INFOPLIST_FILE = YES;
				INFOPLIST_KEY_UIApplicationSceneManifest_Generation = YES;
				INFOPLIST_KEY_UIApplicationSupportsIndirectInputEvents = YES;
				INFOPLIST_KEY_UILaunchScreen_Generation = YES;
				INFOPLIST_KEY_UISupportedInterfaceOrientations_iPad = "UIInterfaceOrientationPortrait UIInterfaceOrientationPortraitUpsideDown UIInterfaceOrientationLandscapeLeft UIInterfaceOrientationLandscapeRight";
				INFOPLIST_KEY_UISupportedInterfaceOrientations_iPhone = "UIInterfaceOrientationPortrait UIInterfaceOrientationLandscapeLeft UIInterfaceOrientationLandscapeRight";
				IPHONEOS_DEPLOYMENT_TARGET = 14.0;
				LD_RUNPATH_SEARCH_PATHS = (
					"$(inherited)",
					"@executable_path/Frameworks",
				);
				MARKETING_VERSION = 1.0;
				PRODUCT_BUNDLE_IDENTIFIER = "Muhammed-Sabri.AnimatedVerticalSlider";
				PRODUCT_NAME = "$(TARGET_NAME)";
				SWIFT_EMIT_LOC_STRINGS = YES;
				SWIFT_VERSION = 5.0;
				TARGETED_DEVICE_FAMILY = "1,2";
			};
			name = Release;
		};
/* End XCBuildConfiguration section */

/* Begin XCConfigurationList section */
		43A2522E275E189600EC48DB /* Build configuration list for PBXProject "AnimatedVerticalSlider" */ = {
			isa = XCConfigurationList;
			buildConfigurations = (
				43A2523F275E189800EC48DB /* Debug */,
				43A25240275E189800EC48DB /* Release */,
			);
			defaultConfigurationIsVisible = 0;
			defaultConfigurationName = Release;
		};
		43A25241275E189800EC48DB /* Build configuration list for PBXNativeTarget "AnimatedVerticalSlider" */ = {
			isa = XCConfigurationList;
			buildConfigurations = (
				43A25242275E189800EC48DB /* Debug */,
				43A25243275E189800EC48DB /* Release */,
			);
			defaultConfigurationIsVisible = 0;
			defaultConfigurationName = Release;
		};
/* End XCConfigurationList section */
	};
	rootObject = 43A2522B275E189600EC48DB /* Project object */;
}
